
Microsoft Visual Studio Solution File, Format Version 12.00
# Visual Studio Version 16
VisualStudioVersion = 16.0.31025.194
MinimumVisualStudioVersion = 10.0.40219.1
Project("{FAE04EC0-301F-11D3-BF4B-00C04F79EFBC}") = "CURDOperationWithImageUploadCore5_Demo", "CURDOperationWithImageUploadCore5_Demo\CURDOperationWithImageUploadCore5_Demo.csproj", "{19307C74-3892-43D5-A063-AE20D76DC20C}"
EndProject
Global
	GlobalSection(SolutionConfigurationPlatforms) = preSolution
		Debug|Any CPU = Debug|Any CPU
		Release|Any CPU = Release|Any CPU
	EndGlobalSection
	GlobalSection(ProjectConfigurationPlatforms) = postSolution
		{19307C74-3892-43D5-A063-AE20D76DC20C}.Debug|Any CPU.ActiveCfg = Debug|Any CPU
		{19307C74-3892-43D5-A063-AE20D76DC20C}.Debug|Any CPU.Build.0 = Debug|Any CPU
		{19307C74-3892-43D5-A063-AE20D76DC20C}.Release|Any CPU.ActiveCfg = Release|Any CPU
		{19307C74-3892-43D5-A063-AE20D76DC20C}.Release|Any CPU.Build.0 = Release|Any CPU
	EndGlobalSection
	GlobalSection(SolutionProperties) = preSolution
		HideSolutionNode = FALSE
	EndGlobalSection
	GlobalSection(ExtensibilityGlobals) = postSolution
		SolutionGuid = {D73BCC01-4EE6-4B68-BFBB-F876F01492EE}
	EndGlobalSection
EndGlobal
